lockfileVersion: 5.4

specifiers:
  snarkjs: ^0.6.10

devDependencies:
  snarkjs: 0.6.10

packages:

  /@iden3/bigarray/0.0.2:
    resolution: {integrity: sha512-Xzdyxqm1bOFF6pdIsiHLLl3HkSLjbhqJHVyqaTxXt3RqXBEnmsUmEW47H7VOi/ak7TdkRpNkxjyK5Zbkm+y52g==}
    dev: true

  /@iden3/binfileutils/0.0.11:
    resolution: {integrity: sha512-LylnJoZ0CTdgErnKY8OxohvW4K+p6UHD3sxt+3P9AmMyBQjYR4IpoqoYZZ+9aMj89cmCQ21UvdhndAx04er3NA==}
    dependencies:
      fastfile: 0.0.20
      ffjavascript: 0.2.57
    dev: true

  /ansi-styles/4.3.0:
    resolution: {integrity: sha512-zbB9rCJAT1rbjiVDb2hqKFHNYLxgtk8NURxZ3IZwD3F6NtxbXZQCnnSi1Lkx+IDohdPlFp222wVALIheZJQSEg==}
    engines: {node: '>=8'}
    dependencies:
      color-convert: 2.0.1
    dev: true

  /async/3.2.4:
    resolution: {integrity: sha512-iAB+JbDEGXhyIUavoDl9WP/Jj106Kz9DEn1DPgYw5ruDn0e3Wgi3sKFm55sASdGBNOQB8F59d9qQ7deqrHA8wQ==}
    dev: true

  /b4a/1.6.3:
    resolution: {integrity: sha512-aX6/FqpWQve8VN9kyTExy7GlmwNShvxcCWWD5QVR3ZbRlyBGtCrG5Autu95xxSPH4CRs+5PSV4d7PRnWpmqFlA==}
    dev: true

  /balanced-match/1.0.2:
    resolution: {integrity: sha512-3oSeUO0TMV67hN1AmbXsK4yaqU7tjiHlbxRDZOpH0KW9+CeX4bRAaX0Anxt0tx2MrpRpWwQaPwIlISEJhYU5Pw==}
    dev: true

  /bfj/7.0.2:
    resolution: {integrity: sha512-+e/UqUzwmzJamNF50tBV6tZPTORow7gQ96iFow+8b562OdMpEK0BcJEq2OSPEDmAbSMBQ7PKZ87ubFkgxpYWgw==}
    engines: {node: '>= 8.0.0'}
    dependencies:
      bluebird: 3.7.2
      check-types: 11.2.2
      hoopy: 0.1.4
      tryer: 1.0.1
    dev: true

  /blake2b-wasm/2.4.0:
    resolution: {integrity: sha512-S1kwmW2ZhZFFFOghcx73+ZajEfKBqhP82JMssxtLVMxlaPea1p9uoLiUZ5WYyHn0KddwbLc+0vh4wR0KBNoT5w==}
    dependencies:
      b4a: 1.6.3
      nanoassert: 2.0.0
    dev: true

  /bluebird/3.7.2:
    resolution: {integrity: sha512-XpNj6GDQzdfW+r2Wnn7xiSAd7TM3jzkxGXBGTtWKuSXv1xUV+azxAm8jdWZN06QTQk+2N2XB9jRDkvbmQmcRtg==}
    dev: true

  /brace-expansion/1.1.11:
    resolution: {integrity: sha512-iCuPHDFgrHX7H2vEI/5xpz07zSHB00TpugqhmYtVmMO6518mCuRMoOYFldEBl0g187ufozdaHgWKcYFb61qGiA==}
    dependencies:
      balanced-match: 1.0.2
      concat-map: 0.0.1
    dev: true

  /brace-expansion/2.0.1:
    resolution: {integrity: sha512-XnAIvQ8eM+kC6aULx6wuQiwVsnzsi9d3WxzV3FpWTGA19F621kwdbsAcFKXgKUHZWsy+mY6iL1sHTxWEFCytDA==}
    dependencies:
      balanced-match: 1.0.2
    dev: true

  /chalk/4.1.2:
    resolution: {integrity: sha512-oKnbhFyRIXpUuez8iBMmyEa4nbj4IOQyuhc/wy9kY7/WVPcwIO9VA668Pu8RkO7+0G76SLROeyw9CpQ061i4mA==}
    engines: {node: '>=10'}
    dependencies:
      ansi-styles: 4.3.0
      supports-color: 7.2.0
    dev: true

  /check-types/11.2.2:
    resolution: {integrity: sha512-HBiYvXvn9Z70Z88XKjz3AEKd4HJhBXsa3j7xFnITAzoS8+q6eIGi8qDB8FKPBAjtuxjI/zFpwuiCb8oDtKOYrA==}
    dev: true

  /circom_runtime/0.1.22:
    resolution: {integrity: sha512-V/XYZWBhbZY8SotkaGH4FbiDYAZ8a1Md++MBiKPDOuWS/NIJB+Q+XIiTC8zKMgoDaa9cd2OiTvsC9J6te7twNg==}
    hasBin: true
    dependencies:
      ffjavascript: 0.2.57
    dev: true

  /color-convert/2.0.1:
    resolution: {integrity: sha512-RRECPsj7iu/xb5oKYcsFHSppFNnsj/52OVTRKb4zP5onXwVF3zVmmToNcOfGC+CRDpfK/U584fMg38ZHCaElKQ==}
    engines: {node: '>=7.0.0'}
    dependencies:
      color-name: 1.1.4
    dev: true

  /color-name/1.1.4:
    resolution: {integrity: sha512-dOy+3AuW3a2wNbZHIuMZpTcgjGuLU/uBL/ubcZF9OXbDo8ff4O8yVp5Bf0efS8uEoYo5q4Fx7dY9OgQGXgAsQA==}
    dev: true

  /concat-map/0.0.1:
    resolution: {integrity: sha512-/Srv4dswyQNBfohGpz9o6Yb3Gz3SrUDqBH5rTuhGR7ahtlbYKnVxw2bCFMRljaA7EXHaXZ8wsHdodFvbkhKmqg==}
    dev: true

  /ejs/3.1.9:
    resolution: {integrity: sha512-rC+QVNMJWv+MtPgkt0y+0rVEIdbtxVADApW9JXrUVlzHetgcyczP/E7DJmWJ4fJCZF2cPcBk0laWO9ZHMG3DmQ==}
    engines: {node: '>=0.10.0'}
    hasBin: true
    dependencies:
      jake: 10.8.5
    dev: true

  /fastfile/0.0.20:
    resolution: {integrity: sha512-r5ZDbgImvVWCP0lA/cGNgQcZqR+aYdFx3u+CtJqUE510pBUVGMn4ulL/iRTI4tACTYsNJ736uzFxEBXesPAktA==}
    dev: true

  /ffjavascript/0.2.57:
    resolution: {integrity: sha512-V+vxZ/zPNcthrWmqfe/1YGgqdkTamJeXiED0tsk7B84g40DKlrTdx47IqZuiygqAVG6zMw4qYuvXftIJWsmfKQ==}
    dependencies:
      wasmbuilder: 0.0.16
      wasmcurves: 0.2.0
      web-worker: 1.2.0
    dev: true

  /filelist/1.0.4:
    resolution: {integrity: sha512-w1cEuf3S+DrLCQL7ET6kz+gmlJdbq9J7yXCSjK/OZCPA+qEN1WyF4ZAf0YYJa4/shHJra2t/d/r8SV4Ji+x+8Q==}
    dependencies:
      minimatch: 5.1.6
    dev: true

  /has-flag/4.0.0:
    resolution: {integrity: sha512-EykJT/Q1KjTWctppgIAgfSO0tKVuZUjhgMr17kqTumMl6Afv3EISleU7qZUzoXDFTAHTDC4NOoG/ZxU3EvlMPQ==}
    engines: {node: '>=8'}
    dev: true

  /hoopy/0.1.4:
    resolution: {integrity: sha512-HRcs+2mr52W0K+x8RzcLzuPPmVIKMSv97RGHy0Ea9y/mpcaK+xTrjICA04KAHi4GRzxliNqNJEFYWHghy3rSfQ==}
    engines: {node: '>= 6.0.0'}
    dev: true

  /jake/10.8.5:
    resolution: {integrity: sha512-sVpxYeuAhWt0OTWITwT98oyV0GsXyMlXCF+3L1SuafBVUIr/uILGRB+NqwkzhgXKvoJpDIpQvqkUALgdmQsQxw==}
    engines: {node: '>=10'}
    hasBin: true
    dependencies:
      async: 3.2.4
      chalk: 4.1.2
      filelist: 1.0.4
      minimatch: 3.1.2
    dev: true

  /js-sha3/0.8.0:
    resolution: {integrity: sha512-gF1cRrHhIzNfToc802P800N8PpXS+evLLXfsVpowqmAFR9uwbi89WvXg2QspOmXL8QL86J4T1EpFu+yUkwJY3Q==}
    dev: true

  /logplease/1.2.15:
    resolution: {integrity: sha512-jLlHnlsPSJjpwUfcNyUxXCl33AYg2cHhIf9QhGL2T4iPT0XPB+xP1LRKFPgIg1M/sg9kAJvy94w9CzBNrfnstA==}
    dev: true

  /minimatch/3.1.2:
    resolution: {integrity: sha512-J7p63hRiAjw1NDEww1W7i37+ByIrOWO5XQQAzZ3VOcL0PNybwpfmV/N05zFAzwQ9USyEcX6t3UO+K5aqBQOIHw==}
    dependencies:
      brace-expansion: 1.1.11
    dev: true

  /minimatch/5.1.6:
    resolution: {integrity: sha512-lKwV/1brpG6mBUFHtb7NUmtABCb2WZZmm2wNiOA5hAb8VdCS4B3dtMWyvcoViccwAW/COERjXLt0zP1zXUN26g==}
    engines: {node: '>=10'}
    dependencies:
      brace-expansion: 2.0.1
    dev: true

  /nanoassert/2.0.0:
    resolution: {integrity: sha512-7vO7n28+aYO4J+8w96AzhmU8G+Y/xpPDJz/se19ICsqj/momRbb9mh9ZUtkoJ5X3nTnPdhEJyc0qnM6yAsHBaA==}
    dev: true

  /r1csfile/0.0.45:
    resolution: {integrity: sha512-YKIp4D441aZ6OoI9y+bfAyb2j4Cl+OFq/iiX6pPWDrL4ZO968h0dq0w07i65edvrTt7/G43mTnl0qEuLXyp/Yw==}
    dependencies:
      '@iden3/bigarray': 0.0.2
      '@iden3/binfileutils': 0.0.11
      fastfile: 0.0.20
      ffjavascript: 0.2.57
    dev: true

  /snarkjs/0.6.10:
    resolution: {integrity: sha512-Ls9XPTIuW2Ivk2sACM0Pn/FnKZP8UYYqRbzDl3SnglY5Gw28BIp1sfArOxdJJ2QrlbK7e6FFjMHQPvTp0Ttn0w==}
    hasBin: true
    dependencies:
      '@iden3/binfileutils': 0.0.11
      bfj: 7.0.2
      blake2b-wasm: 2.4.0
      circom_runtime: 0.1.22
      ejs: 3.1.9
      fastfile: 0.0.20
      ffjavascript: 0.2.57
      js-sha3: 0.8.0
      logplease: 1.2.15
      r1csfile: 0.0.45
    dev: true

  /supports-color/7.2.0:
    resolution: {integrity: sha512-qpCAvRl9stuOHveKsn7HncJRvv501qIacKzQlO/+Lwxc9+0q2wLyv4Dfvt80/DPn2pqOBsJdDiogXGR9+OvwRw==}
    engines: {node: '>=8'}
    dependencies:
      has-flag: 4.0.0
    dev: true

  /tryer/1.0.1:
    resolution: {integrity: sha512-c3zayb8/kWWpycWYg87P71E1S1ZL6b6IJxfb5fvsUgsf0S2MVGaDhDXXjDMpdCpfWXqptc+4mXwmiy1ypXqRAA==}
    dev: true

  /wasmbuilder/0.0.16:
    resolution: {integrity: sha512-Qx3lEFqaVvp1cEYW7Bfi+ebRJrOiwz2Ieu7ZG2l7YyeSJIok/reEQCQCuicj/Y32ITIJuGIM9xZQppGx5LrQdA==}
    dev: true

  /wasmcurves/0.2.0:
    resolution: {integrity: sha512-3e2rbxdujOwaod657gxgmdhZNn+i1qKdHO3Y/bK+8E7bV8ttV/fu5FO4/WLBACF375cK0QDLOP+65Na63qYuWA==}
    dependencies:
      wasmbuilder: 0.0.16
    dev: true

  /web-worker/1.2.0:
    resolution: {integrity: sha512-PgF341avzqyx60neE9DD+XS26MMNMoUQRz9NOZwW32nPQrF6p77f1htcnjBSEV8BGMKZ16choqUG4hyI0Hx7mA==}
    dev: true
